{
  "lockfile_version": "1",
  "packages": {
    "cmake@latest": {
      "last_modified": "2025-11-23T21:50:36Z",
      "resolved": "github:NixOS/nixpkgs/ee09932cedcef15aaf476f9343d1dea2cb77e261#cmake",
      "source": "devbox-search",
      "version": "4.1.2",
      "systems": {
        "aarch64-darwin": {
          "outputs": [
            {
              "name": "out",
              "path": "/nix/store/0v5vpvwbl94qv9447jz995i4n9mx4l63-cmake-4.1.2",
              "default": true
            }
          ],
          "store_path": "/nix/store/0v5vpvwbl94qv9447jz995i4n9mx4l63-cmake-4.1.2"
        },
        "aarch64-linux": {
          "outputs": [
            {
              "name": "out",
              "path": "/nix/store/ipjw0mbzcycidbw62gsz47cgivqxm2lv-cmake-4.1.2",
              "default": true
            },
            {
              "name": "debug",
              "path": "/nix/store/4m6l2qb5s7vyirybbn3c5k1rv2dww1vy-cmake-4.1.2-debug"
            }
          ],
          "store_path": "/nix/store/ipjw0mbzcycidbw62gsz47cgivqxm2lv-cmake-4.1.2"
        },
        "x86_64-darwin": {
          "outputs": [
            {
              "name": "out",
              "path": "/nix/store/i7c7r2g0zycvi7wh3rnw1dx3aglbvw2d-cmake-4.1.2",
              "default": true
            }
          ],
          "store_path": "/nix/store/i7c7r2g0zycvi7wh3rnw1dx3aglbvw2d-cmake-4.1.2"
        },
        "x86_64-linux": {
          "outputs": [
            {
              "name": "out",
              "path": "/nix/store/w9jm660dykns6hzrdhxmqfywnc9ail8g-cmake-4.1.2",
              "default": true
            },
            {
              "name": "debug",
              "path": "/nix/store/pnizhra0882ijp3nilvzdzbaa0ayq4hd-cmake-4.1.2-debug"
            }
          ],
          "store_path": "/nix/store/w9jm660dykns6hzrdhxmqfywnc9ail8g-cmake-4.1.2"
        }
      }
    },
    "gcc@latest": {
      "last_modified": "2026-08-27T07:16:00Z",
      "resolved": "github:NixOS/nixpkgs/c27cdad491a991b11ed731760aa2ef8db0cb0410#gcc16",
      "source": "devbox-search",
      "version": "16.2.0",
      "systems": {
        "aarch64-darwin": {
          "outputs": [
            {
              "name": "out",
              "path": "/nix/store/z3zd0lklg2b8705zmx11cq35crddbpj4-gcc-wrapper-16.2.0",
              "default": true
            },
            {
              "name": "man",
              "path": "/nix/store/pbj8r9p89ilvfklxrj3fyvqdadac0861-gcc-wrapper-16.2.0-man",
              "default": true
            },
            {
              "name": "info",
              "path": "/nix/store/g210v8iyk80zy476vp9d7nkgvv5s3i1r-gcc-wrapper-16.2.0-info"
            }
          ],
          "store_path": "/nix/store/z3zd0lklg2b8705zmx11cq35crddbpj4-gcc-wrapper-16.2.0"
        },
        "aarch64-linux": {
          "outputs": [
            {
              "name": "out",
              "path": "/nix/store/d0a9bdlmsac38hi0kscqcnh2pn4439ss-gcc-wrapper-16.2.0",
              "default": true
            },
            {
              "name": "man",
              "path": "/nix/store/pyn8mm9fribahydk1bxby0c56r3qmfmb-gcc-wrapper-16.2.0-man",
              "default": true
            },
            {
              "name": "info",
              "path": "/nix/store/7vfckbslv452rdwwcqa5r5i4rq47m3rj-gcc-wrapper-16.2.0-info"
            }
          ],
          "store_path": "/nix/store/d0a9bdlmsac38hi0kscqcnh2pn4439ss-gcc-wrapper-16.2.0"
        },
        "x86_64-linux": {
          "outputs": [
            {
              "name": "out",
              "path": "/nix/store/8pfs1i59j9zxy2c7h0wmb8vcda75pjxv-gcc-wrapper-16.2.0",
              "default": true
            },
            {
              "name": "man",
              "path": "/nix/store/pmnqpcv27gdk4nf3py76fcr2g42f2ybb-gcc-wrapper-16.2.0-man",
              "default": true
            },
            {
              "name": "info",
              "path": "/nix/store/nh1dnj05p8lygbd8hkvj07r1h5vvbbqf-gcc-wrapper-16.2.0-info"
            }
          ],
          "store_path": "/nix/store/8pfs1i59j9zxy2c7h0wmb8vcda75pjxv-gcc-wrapper-16.2.0"
        }
      }
    },
    "git@latest": {
      "last_modified": "2026-08-27T07:16:00Z",
      "resolved": "github:NixOS/nixpkgs/c27cdad491a991b11ed731760aa2ef8db0cb0410#git",
      "source": "devbox-search",
      "version": "2.55.0",
      "systems": {
        "aarch64-darwin": {
          "outputs": [
            {
              "name": "out",
              "path": "/nix/store/yqw09igi72yxpgy3d1b25vbh5l8rx227-git-2.55.0",
              "default": true
            },
            {
              "name": "doc",
              "path": "/nix/store/i8y217wsan9w8l62m7w2a0rrnmviaqqk-git-2.55.0-doc"
            }
          ],
          "store_path": "/nix/store/yqw09igi72yxpgy3d1b25vbh5l8rx227-git-2.55.0"
        },
        "aarch64-linux": {
          "outputs": [
            {
              "name": "out",
              "path": "/nix/store/clxhwm4v3gl0k3hazm0zpx14gz2w0clz-git-2.55.0",
              "default": true
            },
            {
              "name": "debug",
              "path": "/nix/store/1asxbx6r55sylz2ljdzk6404i0w28iri-git-2.55.0-debug"
            },
            {
              "name": "doc",
              "path": "/nix/store/ryn8xbxi2i1d2dharz9r7kb2ymqfgkyw-git-2.55.0-doc"
            }
          ],
          "store_path": "/nix/store/clxhwm4v3gl0k3hazm0zpx14gz2w0clz-git-2.55.0"
        },
        "x86_64-linux": {
          "outputs": [
            {
              "name": "out",
              "path": "/nix/store/8yjpgadavqdwphcd2kw4dfvxmgdp5sb3-git-2.55.0",
              "default": true
            },
            {
              "name": "debug",
              "path": "/nix/store/xf0wk67lvyxg1bkwi2rf6iszxlvj0yxj-git-2.55.0-debug"
            },
            {
              "name": "doc",
              "path": "/nix/store/yvx5ayi3k6gh8xgk9yxc9gpy0jb7f14l-git-2.55.0-doc"
            }
          ],
          "store_path": "/nix/store/8yjpgadavqdwphcd2kw4dfvxmgdp5sb3-git-2.55.0"
        }
      }
    },
    "github:NixOS/nixpkgs/nixpkgs-unstable": {
      "last_modified": "2026-10-05T09:07:57Z",
      "resolved": "github:NixOS/nixpkgs/aa48d347080940b8a2b8d2f48228674e280a3514?lastModified=1791191277&narHash=sha256-i8KuaINOYLvB2oQikGvtRmdZRxATRxsI9Yad2pp7dEA%3D"
    },
    "libclang@latest": {
      "last_modified": "2026-08-29T00:50:12Z",
      "resolved": "github:NixOS/nixpkgs/e8be7818e19ada32105a8af937a6a473b38167ca#libclang",
      "source": "devbox-search",
      "version": "21.1.8",
      "systems": {
        "aarch64-darwin": {
          "outputs": [
            {
              "name": "out",
              "path": "/nix/store/6fgrwdc1iwn27zqi1gvkgvzjginbr9k6-clang-21.1.8",
              "default": true
            },
            {
              "name": "dev",
              "path": "/nix/store/a43nbwqzb39kciv8rpmfnwafcjnbv8ad-clang-21.1.8-dev"
            },
            {
              "name": "lib",
              "path": "/nix/store/w4qg2z0li0x73qm47cs0aqr9vxpbir23-clang-21.1.8-lib"
            },
            {
              "name": "python",
              "path": "/nix/store/qzrn1ri8dlll7c09r7c9hs1wm5ww457w-clang-21.1.8-python"
            }
          ],
          "store_path": "/nix/store/6fgrwdc1iwn27zqi1gvkgvzjginbr9k6-clang-21.1.8"
        },
        "aarch64-linux": {
          "outputs": [
            {
              "name": "out",
              "path": "/nix/store/z95yngnzq1qfiq8r2a2cmjs25gqxyd4b-clang-21.1.8",
              "default": true
            },
            {
              "name": "debug",
              "path": "/nix/store/jsh6j3j0dj6ccdlwi0gnxd425cl0mwfk-clang-21.1.8-debug"
            },
            {
              "name": "dev",
              "path": "/nix/store/mwnryd1cdp7mxhrwckzvhbn38yl7l26n-clang-21.1.8-dev"
            },
            {
              "name": "lib",
              "path": "/nix/store/bl7a3yyacba8jpz8nd2nxg7a8vjclq3b-clang-21.1.8-lib"
            },
            {
              "name": "python",
              "path": "/nix/store/x7q0gi1zk5xzlh7ygrvw98r8xq75wj75-clang-21.1.8-python"
            }
          ],
          "store_path": "/nix/store/z95yngnzq1qfiq8r2a2cmjs25gqxyd4b-clang-21.1.8"
        },
        "x86_64-darwin": {
          "outputs": [
            {
              "name": "out",
              "path": "/nix/store/i90sjn9ja8fd0r52dkiidvdqqbqvja4k-clang-21.1.8",
              "default": true
            },
            {
              "name": "dev",
              "path": "/nix/store/x548sh4xxcdqlmpdxl0782khqmjrkkdz-clang-21.1.8-dev"
            },
            {
              "name": "lib",
              "path": "/nix/store/agysx04idaami2sf2qdrrx988f8r31n7-clang-21.1.8-lib"
            },
            {
              "name": "python",
              "path": "/nix/store/1g53yiczg5na8s30h0n4r8pz0lnlclh2-clang-21.1.8-python"
            }
          ],
          "store_path": "/nix/store/i90sjn9ja8fd0r52dkiidvdqqbqvja4k-clang-21.1.8"
        },
        "x86_64-linux": {
          "outputs": [
            {
              "name": "out",
              "path": "/nix/store/603yaax3l2jmc0hfv6g3hgjr1qk5jfxk-clang-21.1.8",
              "default": true
            },
            {
              "name": "lib",
              "path": "/nix/store/yc2a9854a2y2c8kci88piblc847iq1l4-clang-21.1.8-lib"
            },
            {
              "name": "python",
              "path": "/nix/store/bvsarb3jx1ixnwfrrwkbvd2kx118kcma-clang-21.1.8-python"
            },
            {
              "name": "debug",
              "path": "/nix/store/fn5lnm9ka51zap40v8i9v0ykgjlzj91n-clang-21.1.8-debug"
            },
            {
              "name": "dev",
              "path": "/nix/store/06w7nc3znmzbw227ksbcj3kzv2dvnqpd-clang-21.1.8-dev"
            }
          ],
          "store_path": "/nix/store/603yaax3l2jmc0hfv6g3hgjr1qk5jfxk-clang-21.1.8"
        }
      }
    },
    "openssh@latest": {
      "last_modified": "2026-08-27T07:16:00Z",
      "resolved": "github:NixOS/nixpkgs/c27cdad491a991b11ed731760aa2ef8db0cb0410#openssh",
      "source": "devbox-search",
      "version": "10.5p1",
      "systems": {
        "aarch64-darwin": {
          "outputs": [
            {
              "name": "out",
              "path": "/nix/store/v0ih1j77i9bvq7nn4r70s32fchgv1k6a-openssh-10.5p1",
              "default": true
            },
            {
              "name": "man",
              "path": "/nix/store/0llp0z6wz970lzhzm9csx4ahnjrjxw9p-openssh-10.5p1-man",
              "default": true
            },
            {
              "name": "dev",
              "path": "/nix/store/20m6m81acz0gsmzwff984rbm2wmkdr8j-openssh-10.5p1-dev"
            }
          ],
          "store_path": "/nix/store/v0ih1j77i9bvq7nn4r70s32fchgv1k6a-openssh-10.5p1"
        },
        "aarch64-linux": {
          "outputs": [
            {
              "name": "out",
              "path": "/nix/store/6dibrdp9lf2p8ap2bf02kywgljh51qca-openssh-10.5p1",
              "default": true
            },
            {
              "name": "man",
              "path": "/nix/store/5mqwhvyg5b54xx49186vxazf29ly5x6y-openssh-10.5p1-man",
              "default": true
            },
            {
              "name": "dev",
              "path": "/nix/store/fn1q69a82rz57xmr2y1vx4mbdsbnk3z0-openssh-10.5p1-dev"
            }
          ],
          "store_path": "/nix/store/6dibrdp9lf2p8ap2bf02kywgljh51qca-openssh-10.5p1"
        },
        "x86_64-linux": {
          "outputs": [
            {
              "name": "out",
              "path": "/nix/store/ggcm0s524bsly3qc7kww945qs7003psf-openssh-10.5p1",
              "default": true
            },
            {
              "name": "man",
              "path": "/nix/store/s9a3xnwfliryd5qsk8kicsz3d6xpny60-openssh-10.5p1-man",
              "default": true
            },
            {
              "name": "dev",
              "path": "/nix/store/wy59wl68ndias0dxqj5jx7y0rs040bmw-openssh-10.5p1-dev"
            }
          ],
          "store_path": "/nix/store/ggcm0s524bsly3qc7kww945qs7003psf-openssh-10.5p1"
        }
      }
    },
    "python@3.12": {
      "last_modified": "2026-08-27T07:16:00Z",
      "plugin_version": "0.0.5",
      "resolved": "github:NixOS/nixpkgs/c27cdad491a991b11ed731760aa2ef8db0cb0410#python312",
      "source": "devbox-search",
      "version": "3.12.14",
      "systems": {
        "aarch64-darwin": {
          "outputs": [
            {
              "name": "out",
              "path": "/nix/store/p1wfv7znig26m3hns4583cb9va3kzxkg-python3-3.12.14",
              "default": true
            }
          ],
          "store_path": "/nix/store/p1wfv7znig26m3hns4583cb9va3kzxkg-python3-3.12.14"
        },
        "aarch64-linux": {
          "outputs": [
            {
              "name": "out",
              "path": "/nix/store/gsf1fvx39nm1hlj8wq6qr1xjicxnzf2v-python3-3.12.14",
              "default": true
            },
            {
              "name": "debug",
              "path": "/nix/store/n26dkq3a90vpsly3cmpjm7k5bz7i6las-python3-3.12.14-debug"
            }
          ],
          "store_path": "/nix/store/gsf1fvx39nm1hlj8wq6qr1xjicxnzf2v-python3-3.12.14"
        },
        "x86_64-linux": {
          "outputs": [
            {
              "name": "out",
              "path": "/nix/store/9ka5lknbqqg6nzs3zp6qyncf1k3ayz97-python3-3.12.14",
              "default": true
            },
            {
              "name": "debug",
              "path": "/nix/store/ikyc73znayjnlld5rj1mwws9rhi0gaba-python3-3.12.14-debug"
            }
          ],
          "store_path": "/nix/store/9ka5lknbqqg6nzs3zp6qyncf1k3ayz97-python3-3.12.14"
        }
      }
    },
    "ripgrep@latest": {
      "last_modified": "2026-08-27T07:16:00Z",
      "resolved": "github:NixOS/nixpkgs/c27cdad491a991b11ed731760aa2ef8db0cb0410#ripgrep",
      "source": "devbox-search",
      "version": "15.2.0",
      "systems": {
        "aarch64-darwin": {
          "outputs": [
            {
              "name": "out",
              "path": "/nix/store/lmrkq2dixahzmvb7gb9ivr8hdlj9w7cy-ripgrep-15.2.0",
              "default": true
            }
          ],
          "store_path": "/nix/store/lmrkq2dixahzmvb7gb9ivr8hdlj9w7cy-ripgrep-15.2.0"
        },
        "aarch64-linux": {
          "outputs": [
            {
              "name": "out",
              "path": "/nix/store/l02znzqak7gnap7jh95d794gxcwbc2il-ripgrep-15.2.0",
              "default": true
            }
          ],
          "store_path": "/nix/store/l02znzqak7gnap7jh95d794gxcwbc2il-ripgrep-15.2.0"
        },
        "x86_64-linux": {
          "outputs": [
            {
              "name": "out",
              "path": "/nix/store/zc6fy62c341aibk36p4ywff7rf9wn4wx-ripgrep-15.2.0",
              "default": true
            }
          ],
          "store_path": "/nix/store/zc6fy62c341aibk36p4ywff7rf9wn4wx-ripgrep-15.2.0"
        }
      }
    },
    "uv@latest": {
      "last_modified": "2026-08-27T07:16:00Z",
      "resolved": "github:NixOS/nixpkgs/c27cdad491a991b11ed731760aa2ef8db0cb0410#uv",
      "source": "devbox-search",
      "version": "0.12.5",
      "systems": {
        "aarch64-darwin": {
          "outputs": [
            {
              "name": "out",
              "path": "/nix/store/71zq15rr7i4avy58y89hfgf2lhp3b7la-uv-0.12.5",
              "default": true
            }
          ],
          "store_path": "/nix/store/71zq15rr7i4avy58y89hfgf2lhp3b7la-uv-0.12.5"
        },
        "aarch64-linux": {
          "outputs": [
            {
              "name": "out",
              "path": "/nix/store/s2pqw31dkyrcym72fcdn0h9myl0yy9ix-uv-0.12.5",
              "default": true
            }
          ],
          "store_path": "/nix/store/s2pqw31dkyrcym72fcdn0h9myl0yy9ix-uv-0.12.5"
        },
        "x86_64-linux": {
          "outputs": [
            {
              "name": "out",
              "path": "/nix/store/v6av5m4035ds4558ax9sh0ywwnkjnd7b-uv-0.12.5",
              "default": true
            }
          ],
          "store_path": "/nix/store/v6av5m4035ds4558ax9sh0ywwnkjnd7b-uv-0.12.5"
        }
      }
    }
  }
}
